// !$*UTF8*$!
{
	archiveVersion = 1;
	classes = {
	};
	objectVersion = 56;
	objects = {

/* Begin PBXBuildFile section */
		DE1ED8D92C2E605800EB399F /* Category.swift in Sources */ = {isa = PBXBuildFile; fileRef = DE1ED8D82C2E605800EB399F /* Category.swift */; };
		DE1ED8DB2C2E62E400EB399F /* CategoryView.swift in Sources */ = {isa = PBXBuildFile; fileRef = DE1ED8DA2C2E62E400EB399F /* CategoryView.swift */; };
		DE1ED8DD2C2E928D00EB399F /* EditButton.swift in Sources */ = {isa = PBXBuildFile; fileRef = DE1ED8DC2C2E928D00EB399F /* EditButton.swift */; };
		DE1ED8DF2C2E956600EB399F /* User.swift in Sources */ = {isa = PBXBuildFile; fileRef = DE1ED8DE2C2E956600EB399F /* User.swift */; };
		DE1ED8E12C2FE96100EB399F /* Sale.swift in Sources */ = {isa = PBXBuildFile; fileRef = DE1ED8E02C2FE96100EB399F /* Sale.swift */; };
		DEE035F62C2BE108004CEB1F /* CashFlowApp.swift in Sources */ = {isa = PBXBuildFile; fileRef = DEE035F52C2BE108004CEB1F /* CashFlowApp.swift */; };
		DEE035F82C2BE108004CEB1F /* ContentView.swift in Sources */ = {isa = PBXBuildFile; fileRef = DEE035F72C2BE108004CEB1F /* ContentView.swift */; };
		DEE035FA2C2BE109004CEB1F /* Assets.xcassets in Resources */ = {isa = PBXBuildFile; fileRef = DEE035F92C2BE109004CEB1F /* Assets.xcassets */; };
		DEE035FD2C2BE109004CEB1F /* Preview Assets.xcassets in Resources */ = {isa = PBXBuildFile; fileRef = DEE035FC2C2BE109004CEB1F /* Preview Assets.xcassets */; };
		DEE036082C2BE15C004CEB1F /* Item.swift in Sources */ = {isa = PBXBuildFile; fileRef = DEE036072C2BE15C004CEB1F /* Item.swift */; };
		DEE0360B2C2BE1F8004CEB1F /* Primary.swift in Sources */ = {isa = PBXBuildFile; fileRef = DEE0360A2C2BE1F8004CEB1F /* Primary.swift */; };
		DEE0360D2C2BE3A2004CEB1F /* Register.swift in Sources */ = {isa = PBXBuildFile; fileRef = DEE0360C2C2BE3A2004CEB1F /* Register.swift */; };
		DEE036102C2BE984004CEB1F /* RegisterItem.swift in Sources */ = {isa = PBXBuildFile; fileRef = DEE0360F2C2BE984004CEB1F /* RegisterItem.swift */; };
		DEE036132C2BEC11004CEB1F /* Glassmorphism.swift in Sources */ = {isa = PBXBuildFile; fileRef = DEE036122C2BEC11004CEB1F /* Glassmorphism.swift */; };
		DEE036152C2BED81004CEB1F /* Blur.swift in Sources */ = {isa = PBXBuildFile; fileRef = DEE036142C2BED81004CEB1F /* Blur.swift */; };
		DEE036172C2BEE76004CEB1F /* Test.swift in Sources */ = {isa = PBXBuildFile; fileRef = DEE036162C2BEE76004CEB1F /* Test.swift */; };
		DEE036192C2BF2E7004CEB1F /* SaleItem.swift in Sources */ = {isa = PBXBuildFile; fileRef = DEE036182C2BF2E7004CEB1F /* SaleItem.swift */; };
		DEE0361B2C2BFBAB004CEB1F /* IconView.swift in Sources */ = {isa = PBXBuildFile; fileRef = DEE0361A2C2BFBAB004CEB1F /* IconView.swift */; };
/* End PBXBuildFile section */

/* Begin PBXFileReference section */
		DE1ED8D82C2E605800EB399F /* Category.swift */ = {isa = PBXFileReference; lastKnownFileType = sourcecode.swift; path = Category.swift; sourceTree = "<group>"; };
		DE1ED8DA2C2E62E400EB399F /* CategoryView.swift */ = {isa = PBXFileReference; lastKnownFileType = sourcecode.swift; path = CategoryView.swift; sourceTree = "<group>"; };
		DE1ED8DC2C2E928D00EB399F /* EditButton.swift */ = {isa = PBXFileReference; lastKnownFileType = sourcecode.swift; path = EditButton.swift; sourceTree = "<group>"; };
		DE1ED8DE2C2E956600EB399F /* User.swift */ = {isa = PBXFileReference; lastKnownFileType = sourcecode.swift; path = User.swift; sourceTree = "<group>"; };
		DE1ED8E02C2FE96100EB399F /* Sale.swift */ = {isa = PBXFileReference; lastKnownFileType = sourcecode.swift; path = Sale.swift; sourceTree = "<group>"; };
		DEE035F22C2BE108004CEB1F /* CashFlow.app */ = {isa = PBXFileReference; explicitFileType = wrapper.application; includeInIndex = 0; path = CashFlow.app; sourceTree = BUILT_PRODUCTS_DIR; };
		DEE035F52C2BE108004CEB1F /* CashFlowApp.swift */ = {isa = PBXFileReference; lastKnownFileType = sourcecode.swift; path = CashFlowApp.swift; sourceTree = "<group>"; };
		DEE035F72C2BE108004CEB1F /* ContentView.swift */ = {isa = PBXFileReference; lastKnownFileType = sourcecode.swift; path = ContentView.swift; sourceTree = "<group>"; };
		DEE035F92C2BE109004CEB1F /* Assets.xcassets */ = {isa = PBXFileReference; lastKnownFileType = folder.assetcatalog; path = Assets.xcassets; sourceTree = "<group>"; };
		DEE035FC2C2BE109004CEB1F /* Preview Assets.xcassets */ = {isa = PBXFileReference; lastKnownFileType = folder.assetcatalog; path = "Preview Assets.xcassets"; sourceTree = "<group>"; };
		DEE036072C2BE15C004CEB1F /* Item.swift */ = {isa = PBXFileReference; lastKnownFileType = sourcecode.swift; path = Item.swift; sourceTree = "<group>"; };
		DEE0360A2C2BE1F8004CEB1F /* Primary.swift */ = {isa = PBXFileReference; lastKnownFileType = sourcecode.swift; path = Primary.swift; sourceTree = "<group>"; };
		DEE0360C2C2BE3A2004CEB1F /* Register.swift */ = {isa = PBXFileReference; lastKnownFileType = sourcecode.swift; path = Register.swift; sourceTree = "<group>"; };
		DEE0360F2C2BE984004CEB1F /* RegisterItem.swift */ = {isa = PBXFileReference; lastKnownFileType = sourcecode.swift; path = RegisterItem.swift; sourceTree = "<group>"; };
		DEE036122C2BEC11004CEB1F /* Glassmorphism.swift */ = {isa = PBXFileReference; lastKnownFileType = sourcecode.swift; path = Glassmorphism.swift; sourceTree = "<group>"; };
		DEE036142C2BED81004CEB1F /* Blur.swift */ = {isa = PBXFileReference; lastKnownFileType = sourcecode.swift; path = Blur.swift; sourceTree = "<group>"; };
		DEE036162C2BEE76004CEB1F /* Test.swift */ = {isa = PBXFileReference; lastKnownFileType = sourcecode.swift; path = Test.swift; sourceTree = "<group>"; };
		DEE036182C2BF2E7004CEB1F /* SaleItem.swift */ = {isa = PBXFileReference; lastKnownFileType = sourcecode.swift; path = SaleItem.swift; sourceTree = "<group>"; };
		DEE0361A2C2BFBAB004CEB1F /* IconView.swift */ = {isa = PBXFileReference; lastKnownFileType = sourcecode.swift; path = IconView.swift; sourceTree = "<group>"; };
/* End PBXFileReference section */

/* Begin PBXFrameworksBuildPhase section */
		DEE035EF2C2BE108004CEB1F /* Frameworks */ = {
			isa = PBXFrameworksBuildPhase;
			buildActionMask = 2147483647;
			files = (
			);
			runOnlyForDeploymentPostprocessing = 0;
		};
/* End PBXFrameworksBuildPhase section */

/* Begin PBXGroup section */
		DEE035E92C2BE108004CEB1F = {
			isa = PBXGroup;
			children = (
				DEE035F42C2BE108004CEB1F /* CashFlow */,
				DEE035F32C2BE108004CEB1F /* Products */,
			);
			sourceTree = "<group>";
		};
		DEE035F32C2BE108004CEB1F /* Products */ = {
			isa = PBXGroup;
			children = (
				DEE035F22C2BE108004CEB1F /* CashFlow.app */,
			);
			name = Products;
			sourceTree = "<group>";
		};
		DEE035F42C2BE108004CEB1F /* CashFlow */ = {
			isa = PBXGroup;
			children = (
				DEE036092C2BE1EE004CEB1F /* Functions */,
				DEE036042C2BE142004CEB1F /* Structs */,
				DEE036032C2BE13D004CEB1F /* Views */,
				DEE035F52C2BE108004CEB1F /* CashFlowApp.swift */,
				DEE035F72C2BE108004CEB1F /* ContentView.swift */,
				DEE035F92C2BE109004CEB1F /* Assets.xcassets */,
				DEE035FB2C2BE109004CEB1F /* Preview Content */,
			);
			path = CashFlow;
			sourceTree = "<group>";
		};
		DEE035FB2C2BE109004CEB1F /* Preview Content */ = {
			isa = PBXGroup;
			children = (
				DEE035FC2C2BE109004CEB1F /* Preview Assets.xcassets */,
			);
			path = "Preview Content";
			sourceTree = "<group>";
		};
		DEE036032C2BE13D004CEB1F /* Views */ = {
			isa = PBXGroup;
			children = (
				DEE036112C2BEC03004CEB1F /* Style Views */,
				DEE0360E2C2BE97B004CEB1F /* SubViews */,
				DEE0360C2C2BE3A2004CEB1F /* Register.swift */,
				DEE0361A2C2BFBAB004CEB1F /* IconView.swift */,
			);
			path = Views;
			sourceTree = "<group>";
		};
		DEE036042C2BE142004CEB1F /* Structs */ = {
			isa = PBXGroup;
			children = (
				DEE036072C2BE15C004CEB1F /* Item.swift */,
				DE1ED8D82C2E605800EB399F /* Category.swift */,
				DE1ED8DE2C2E956600EB399F /* User.swift */,
				DE1ED8E02C2FE96100EB399F /* Sale.swift */,
			);
			path = Structs;
			sourceTree = "<group>";
		};
		DEE036092C2BE1EE004CEB1F /* Functions */ = {
			isa = PBXGroup;
			children = (
				DEE0360A2C2BE1F8004CEB1F /* Primary.swift */,
			);
			path = Functions;
			sourceTree = "<group>";
		};
		DEE0360E2C2BE97B004CEB1F /* SubViews */ = {
			isa = PBXGroup;
			children = (
				DEE0360F2C2BE984004CEB1F /* RegisterItem.swift */,
				DEE036162C2BEE76004CEB1F /* Test.swift */,
				DEE036182C2BF2E7004CEB1F /* SaleItem.swift */,
				DE1ED8DA2C2E62E400EB399F /* CategoryView.swift */,
				DE1ED8DC2C2E928D00EB399F /* EditButton.swift */,
			);
			path = SubViews;
			sourceTree = "<group>";
		};
		DEE036112C2BEC03004CEB1F /* Style Views */ = {
			isa = PBXGroup;
			children = (
				DEE036122C2BEC11004CEB1F /* Glassmorphism.swift */,
				DEE036142C2BED81004CEB1F /* Blur.swift */,
			);
			path = "Style Views";
			sourceTree = "<group>";
		};
/* End PBXGroup section */

/* Begin PBXNativeTarget section */
		DEE035F12C2BE108004CEB1F /* CashFlow */ = {
			isa = PBXNativeTarget;
			buildConfigurationList = DEE036002C2BE109004CEB1F /* Build configuration list for PBXNativeTarget "CashFlow" */;
			buildPhases = (
				DEE035EE2C2BE108004CEB1F /* Sources */,
				DEE035EF2C2BE108004CEB1F /* Frameworks */,
				DEE035F02C2BE108004CEB1F /* Resources */,
			);
			buildRules = (
			);
			dependencies = (
			);
			name = CashFlow;
			productName = CashFlow;
			productReference = DEE035F22C2BE108004CEB1F /* CashFlow.app */;
			productType = "com.apple.product-type.application";
		};
/* End PBXNativeTarget section */

/* Begin PBXProject section */
		DEE035EA2C2BE108004CEB1F /* Project object */ = {
			isa = PBXProject;
			attributes = {
				BuildIndependentTargetsInParallel = 1;
				LastSwiftUpdateCheck = 1540;
				LastUpgradeCheck = 1540;
				TargetAttributes = {
					DEE035F12C2BE108004CEB1F = {
						CreatedOnToolsVersion = 15.4;
					};
				};
			};
			buildConfigurationList = DEE035ED2C2BE108004CEB1F /* Build configuration list for PBXProject "CashFlow" */;
			compatibilityVersion = "Xcode 14.0";
			developmentRegion = en;
			hasScannedForEncodings = 0;
			knownRegions = (
				en,
				Base,
			);
			mainGroup = DEE035E92C2BE108004CEB1F;
			productRefGroup = DEE035F32C2BE108004CEB1F /* Products */;
			projectDirPath = "";
			projectRoot = "";
			targets = (
				DEE035F12C2BE108004CEB1F /* CashFlow */,
			);
		};
/* End PBXProject section */

/* Begin PBXResourcesBuildPhase section */
		DEE035F02C2BE108004CEB1F /* Resources */ = {
			isa = PBXResourcesBuildPhase;
			buildActionMask = 2147483647;
			files = (
				DEE035FD2C2BE109004CEB1F /* Preview Assets.xcassets in Resources */,
				DEE035FA2C2BE109004CEB1F /* Assets.xcassets in Resources */,
			);
			runOnlyForDeploymentPostprocessing = 0;
		};
/* End PBXResourcesBuildPhase section */

/* Begin PBXSourcesBuildPhase section */
		DEE035EE2C2BE108004CEB1F /* Sources */ = {
			isa = PBXSourcesBuildPhase;
			buildActionMask = 2147483647;
			files = (
				DEE0360B2C2BE1F8004CEB1F /* Primary.swift in Sources */,
				DEE036102C2BE984004CEB1F /* RegisterItem.swift in Sources */,
				DEE036172C2BEE76004CEB1F /* Test.swift in Sources */,
				DEE036152C2BED81004CEB1F /* Blur.swift in Sources */,
				DEE035F82C2BE108004CEB1F /* ContentView.swift in Sources */,
				DE1ED8DB2C2E62E400EB399F /* CategoryView.swift in Sources */,
				DEE0361B2C2BFBAB004CEB1F /* IconView.swift in Sources */,
				DEE036192C2BF2E7004CEB1F /* SaleItem.swift in Sources */,
				DE1ED8DF2C2E956600EB399F /* User.swift in Sources */,
				DEE036082C2BE15C004CEB1F /* Item.swift in Sources */,
				DE1ED8E12C2FE96100EB399F /* Sale.swift in Sources */,
				DE1ED8DD2C2E928D00EB399F /* EditButton.swift in Sources */,
				DEE036132C2BEC11004CEB1F /* Glassmorphism.swift in Sources */,
				DEE035F62C2BE108004CEB1F /* CashFlowApp.swift in Sources */,
				DEE0360D2C2BE3A2004CEB1F /* Register.swift in Sources */,
				DE1ED8D92C2E605800EB399F /* Category.swift in Sources */,
			);
			runOnlyForDeploymentPostprocessing = 0;
		};
/* End PBXSourcesBuildPhase section */

/* Begin XCBuildConfiguration section */
		DEE035FE2C2BE109004CEB1F /* Debug */ = {
			isa = XCBuildConfiguration;
			buildSettings = {
				ALWAYS_SEARCH_USER_PATHS = NO;
				ASSETCATALOG_COMPILER_GENERATE_SWIFT_ASSET_SYMBOL_EXTENSIONS = YES;
				CLANG_ANALYZER_NONNULL = YES;
				CLANG_ANALYZER_NUMBER_OBJECT_CONVERSION = YES_AGGRESSIVE;
				CLANG_CXX_LANGUAGE_STANDARD = "gnu++20";
				CLANG_ENABLE_MODULES = YES;
				CLANG_ENABLE_OBJC_ARC = YES;
				CLANG_ENABLE_OBJC_WEAK = YES;
				CLANG_WARN_BLOCK_CAPTURE_AUTORELEASING = YES;
				CLANG_WARN_BOOL_CONVERSION = YES;
				CLANG_WARN_COMMA = YES;
				CLANG_WARN_CONSTANT_CONVERSION = YES;
				CLANG_WARN_DEPRECATED_OBJC_IMPLEMENTATIONS = YES;
				CLANG_WARN_DIRECT_OBJC_ISA_USAGE = YES_ERROR;
				CLANG_WARN_DOCUMENTATION_COMMENTS = YES;
				CLANG_WARN_EMPTY_BODY = YES;
				CLANG_WARN_ENUM_CONVERSION = YES;
				CLANG_WARN_INFINITE_RECURSION = YES;
				CLANG_WARN_INT_CONVERSION = YES;
				CLANG_WARN_NON_LITERAL_NULL_CONVERSION = YES;
				CLANG_WARN_OBJC_IMPLICIT_RETAIN_SELF = YES;
				CLANG_WARN_OBJC_LITERAL_CONVERSION = YES;
				CLANG_WARN_OBJC_ROOT_CLASS = YES_ERROR;
				CLANG_WARN_QUOTED_INCLUDE_IN_FRAMEWORK_HEADER = YES;
				CLANG_WARN_RANGE_LOOP_ANALYSIS = YES;
				CLANG_WARN_STRICT_PROTOTYPES = YES;
				CLANG_WARN_SUSPICIOUS_MOVE = YES;
				CLANG_WARN_UNGUARDED_AVAILABILITY = YES_AGGRESSIVE;
				CLANG_WARN_UNREACHABLE_CODE = YES;
				CLANG_WARN__DUPLICATE_METHOD_MATCH = YES;
				COPY_PHASE_STRIP = NO;
				DEBUG_INFORMATION_FORMAT = dwarf;
				ENABLE_STRICT_OBJC_MSGSEND = YES;
				ENABLE_TESTABILITY = YES;
				ENABLE_USER_SCRIPT_SANDBOXING = YES;
				GCC_C_LANGUAGE_STANDARD = gnu17;
				GCC_DYNAMIC_NO_PIC = NO;
				GCC_NO_COMMON_BLOCKS = YES;
				GCC_OPTIMIZATION_LEVEL = 0;
				GCC_PREPROCESSOR_DEFINITIONS = (
					"DEBUG=1",
					"$(inherited)",
				);
				GCC_WARN_64_TO_32_BIT_CONVERSION = YES;
				GCC_WARN_ABOUT_RETURN_TYPE = YES_ERROR;
				GCC_WARN_UNDECLARED_SELECTOR = YES;
				GCC_WARN_UNINITIALIZED_AUTOS = YES_AGGRESSIVE;
				GCC_WARN_UNUSED_FUNCTION = YES;
				GCC_WARN_UNUSED_VARIABLE = YES;
				IPHONEOS_DEPLOYMENT_TARGET = 17.5;
				LOCALIZATION_PREFERS_STRING_CATALOGS = YES;
				MTL_ENABLE_DEBUG_INFO = INCLUDE_SOURCE;
				MTL_FAST_MATH = YES;
				ONLY_ACTIVE_ARCH = YES;
				SDKROOT = iphoneos;
				SWIFT_ACTIVE_COMPILATION_CONDITIONS = "DEBUG $(inherited)";
				SWIFT_OPTIMIZATION_LEVEL = "-Onone";
			};
			name = Debug;
		};
		DEE035FF2C2BE109004CEB1F /* Release */ = {
			isa = XCBuildConfiguration;
			buildSettings = {
				ALWAYS_SEARCH_USER_PATHS = NO;
				ASSETCATALOG_COMPILER_GENERATE_SWIFT_ASSET_SYMBOL_EXTENSIONS = YES;
				CLANG_ANALYZER_NONNULL = YES;
				CLANG_ANALYZER_NUMBER_OBJECT_CONVERSION = YES_AGGRESSIVE;
				CLANG_CXX_LANGUAGE_STANDARD = "gnu++20";
				CLANG_ENABLE_MODULES = YES;
				CLANG_ENABLE_OBJC_ARC = YES;
				CLANG_ENABLE_OBJC_WEAK = YES;
				CLANG_WARN_BLOCK_CAPTURE_AUTORELEASING = YES;
				CLANG_WARN_BOOL_CONVERSION = YES;
				CLANG_WARN_COMMA = YES;
				CLANG_WARN_CONSTANT_CONVERSION = YES;
				CLANG_WARN_DEPRECATED_OBJC_IMPLEMENTATIONS = YES;
				CLANG_WARN_DIRECT_OBJC_ISA_USAGE = YES_ERROR;
				CLANG_WARN_DOCUMENTATION_COMMENTS = YES;
				CLANG_WARN_EMPTY_BODY = YES;
				CLANG_WARN_ENUM_CONVERSION = YES;
				CLANG_WARN_INFINITE_RECURSION = YES;
				CLANG_WARN_INT_CONVERSION = YES;
				CLANG_WARN_NON_LITERAL_NULL_CONVERSION = YES;
				CLANG_WARN_OBJC_IMPLICIT_RETAIN_SELF = YES;
				CLANG_WARN_OBJC_LITERAL_CONVERSION = YES;
				CLANG_WARN_OBJC_ROOT_CLASS = YES_ERROR;
				CLANG_WARN_QUOTED_INCLUDE_IN_FRAMEWORK_HEADER = YES;
				CLANG_WARN_RANGE_LOOP_ANALYSIS = YES;
				CLANG_WARN_STRICT_PROTOTYPES = YES;
				CLANG_WARN_SUSPICIOUS_MOVE = YES;
				CLANG_WARN_UNGUARDED_AVAILABILITY = YES_AGGRESSIVE;
				CLANG_WARN_UNREACHABLE_CODE = YES;
				CLANG_WARN__DUPLICATE_METHOD_MATCH = YES;
				COPY_PHASE_STRIP = NO;
				DEBUG_INFORMATION_FORMAT = "dwarf-with-dsym";
				ENABLE_NS_ASSERTIONS = NO;
				ENABLE_STRICT_OBJC_MSGSEND = YES;
				ENABLE_USER_SCRIPT_SANDBOXING = YES;
				GCC_C_LANGUAGE_STANDARD = gnu17;
				GCC_NO_COMMON_BLOCKS = YES;
				GCC_WARN_64_TO_32_BIT_CONVERSION = YES;
				GCC_WARN_ABOUT_RETURN_TYPE = YES_ERROR;
				GCC_WARN_UNDECLARED_SELECTOR = YES;
				GCC_WARN_UNINITIALIZED_AUTOS = YES_AGGRESSIVE;
				GCC_WARN_UNUSED_FUNCTION = YES;
				GCC_WARN_UNUSED_VARIABLE = YES;
				IPHONEOS_DEPLOYMENT_TARGET = 17.5;
				LOCALIZATION_PREFERS_STRING_CATALOGS = YES;
				MTL_ENABLE_DEBUG_INFO = NO;
				MTL_FAST_MATH = YES;
				SDKROOT = iphoneos;
				SWIFT_COMPILATION_MODE = wholemodule;
				VALIDATE_PRODUCT = YES;
			};
			name = Release;
		};
		DEE036012C2BE109004CEB1F /* Debug */ = {
			isa = XCBuildConfiguration;
			buildSettings = {
				ASSETCATALOG_COMPILER_APPICON_NAME = AppIcon;
				ASSETCATALOG_COMPILER_GLOBAL_ACCENT_COLOR_NAME = AccentColor;
				CODE_SIGN_STYLE = Automatic;
				CURRENT_PROJECT_VERSION = 1;
				DEVELOPMENT_ASSET_PATHS = "\"CashFlow/Preview Content\"";
				DEVELOPMENT_TEAM = K88SP459TT;
				ENABLE_PREVIEWS = YES;
				GENERATE_INFOPLIST_FILE = YES;
				INFOPLIST_KEY_UIApplicationSceneManifest_Generation = YES;
				INFOPLIST_KEY_UIApplicationSupportsIndirectInputEvents = YES;
				INFOPLIST_KEY_UILaunchScreen_Generation = YES;
				INFOPLIST_KEY_UISupportedInterfaceOrientations_iPad = "UIInterfaceOrientationPortrait UIInterfaceOrientationPortraitUpsideDown UIInterfaceOrientationLandscapeLeft UIInterfaceOrientationLandscapeRight";
				INFOPLIST_KEY_UISupportedInterfaceOrientations_iPhone = "UIInterfaceOrientationPortrait UIInterfaceOrientationLandscapeLeft UIInterfaceOrientationLandscapeRight";
				LD_RUNPATH_SEARCH_PATHS = (
					"$(inherited)",
					"@executable_path/Frameworks",
				);
				MARKETING_VERSION = 1.0;
				PRODUCT_BUNDLE_IDENTIFIER = MarqueeCo.CashFlow;
				PRODUCT_NAME = "$(TARGET_NAME)";
				SWIFT_EMIT_LOC_STRINGS = YES;
				SWIFT_VERSION = 5.0;
				TARGETED_DEVICE_FAMILY = "1,2";
			};
			name = Debug;
		};
		DEE036022C2BE109004CEB1F /* Release */ = {
			isa = XCBuildConfiguration;
			buildSettings = {
				ASSETCATALOG_COMPILER_APPICON_NAME = AppIcon;
				ASSETCATALOG_COMPILER_GLOBAL_ACCENT_COLOR_NAME = AccentColor;
				CODE_SIGN_STYLE = Automatic;
				CURRENT_PROJECT_VERSION = 1;
				DEVELOPMENT_ASSET_PATHS = "\"CashFlow/Preview Content\"";
				DEVELOPMENT_TEAM = K88SP459TT;
				ENABLE_PREVIEWS = YES;
				GENERATE_INFOPLIST_FILE = YES;
				INFOPLIST_KEY_UIApplicationSceneManifest_Generation = YES;
				INFOPLIST_KEY_UIApplicationSupportsIndirectInputEvents = YES;
				INFOPLIST_KEY_UILaunchScreen_Generation = YES;
				INFOPLIST_KEY_UISupportedInterfaceOrientations_iPad = "UIInterfaceOrientationPortrait UIInterfaceOrientationPortraitUpsideDown UIInterfaceOrientationLandscapeLeft UIInterfaceOrientationLandscapeRight";
				INFOPLIST_KEY_UISupportedInterfaceOrientations_iPhone = "UIInterfaceOrientationPortrait UIInterfaceOrientationLandscapeLeft UIInterfaceOrientationLandscapeRight";
				LD_RUNPATH_SEARCH_PATHS = (
					"$(inherited)",
					"@executable_path/Frameworks",
				);
				MARKETING_VERSION = 1.0;
				PRODUCT_BUNDLE_IDENTIFIER = MarqueeCo.CashFlow;
				PRODUCT_NAME = "$(TARGET_NAME)";
				SWIFT_EMIT_LOC_STRINGS = YES;
				SWIFT_VERSION = 5.0;
				TARGETED_DEVICE_FAMILY = "1,2";
			};
			name = Release;
		};
/* End XCBuildConfiguration section */

/* Begin XCConfigurationList section */
		DEE035ED2C2BE108004CEB1F /* Build configuration list for PBXProject "CashFlow" */ = {
			isa = XCConfigurationList;
			buildConfigurations = (
				DEE035FE2C2BE109004CEB1F /* Debug */,
				DEE035FF2C2BE109004CEB1F /* Release */,
			);
			defaultConfigurationIsVisible = 0;
			defaultConfigurationName = Release;
		};
		DEE036002C2BE109004CEB1F /* Build configuration list for PBXNativeTarget "CashFlow" */ = {
			isa = XCConfigurationList;
			buildConfigurations = (
				DEE036012C2BE109004CEB1F /* Debug */,
				DEE036022C2BE109004CEB1F /* Release */,
			);
			defaultConfigurationIsVisible = 0;
			defaultConfigurationName = Release;
		};
/* End XCConfigurationList section */
	};
	rootObject = DEE035EA2C2BE108004CEB1F /* Project object */;
}
